
Microsoft Visual Studio Solution File, Format Version 12.00
# Visual Studio Version 17
VisualStudioVersion = 17.14.36203.30
MinimumVisualStudioVersion = 10.0.40219.1
Project("{FAE04EC0-301F-11D3-BF4B-00C04F79EFBC}") = "CalculatorWebAPI", "CalculatorWebAPI.csproj", "{0E0E29D7-01CC-4A4D-A9F4-1366E5FEFFF5}"
EndProject
Project("{FAE04EC0-301F-11D3-BF4B-00C04F79EFBC}") = "CalculatorConsumerMVC", "..\CalculatorConsumerMVC\CalculatorConsumerMVC.csproj", "{18BF9549-3468-45A3-85B4-479E30966741}"
EndProject
Global
	GlobalSection(SolutionConfigurationPlatforms) = preSolution
		Debug|Any CPU = Debug|Any CPU
		Release|Any CPU = Release|Any CPU
	EndGlobalSection
	GlobalSection(ProjectConfigurationPlatforms) = postSolution
		{0E0E29D7-01CC-4A4D-A9F4-1366E5FEFFF5}.Debug|Any CPU.ActiveCfg = Debug|Any CPU
		{0E0E29D7-01CC-4A4D-A9F4-1366E5FEFFF5}.Debug|Any CPU.Build.0 = Debug|Any CPU
		{0E0E29D7-01CC-4A4D-A9F4-1366E5FEFFF5}.Release|Any CPU.ActiveCfg = Release|Any CPU
		{0E0E29D7-01CC-4A4D-A9F4-1366E5FEFFF5}.Release|Any CPU.Build.0 = Release|Any CPU
		{18BF9549-3468-45A3-85B4-479E30966741}.Debug|Any CPU.ActiveCfg = Debug|Any CPU
		{18BF9549-3468-45A3-85B4-479E30966741}.Debug|Any CPU.Build.0 = Debug|Any CPU
		{18BF9549-3468-45A3-85B4-479E30966741}.Release|Any CPU.ActiveCfg = Release|Any CPU
		{18BF9549-3468-45A3-85B4-479E30966741}.Release|Any CPU.Build.0 = Release|Any CPU
	EndGlobalSection
	GlobalSection(SolutionProperties) = preSolution
		HideSolutionNode = FALSE
	EndGlobalSection
	GlobalSection(ExtensibilityGlobals) = postSolution
		SolutionGuid = {009BFE9F-33C5-4447-929F-A7ABC9D606B5}
	EndGlobalSection
EndGlobal
